// !$*UTF8*$!
{
	archiveVersion = 1;
	classes = {
	};
	objectVersion = 77;
	objects = {

/* Begin PBXContainerItemProxy section */
		3B27A6412DC23937009A5CBD /* PBXContainerItemProxy */ = {
			isa = PBXContainerItemProxy;
			containerPortal = 3B27A6282DC23932009A5CBD /* Project object */;
			proxyType = 1;
			remoteGlobalIDString = 3B27A62F2DC23932009A5CBD;
			remoteInfo = "NEKTAR-Application";
		};
		3B27A64B2DC23937009A5CBD /* PBXContainerItemProxy */ = {
			isa = PBXContainerItemProxy;
			containerPortal = 3B27A6282DC23932009A5CBD /* Project object */;
			proxyType = 1;
			remoteGlobalIDString = 3B27A62F2DC23932009A5CBD;
			remoteInfo = "NEKTAR-Application";
		};
/* End PBXContainerItemProxy section */

/* Begin PBXFileReference section */
		3B27A6302DC23932009A5CBD /* Nektar.app */ = {isa = PBXFileReference; explicitFileType = wrapper.application; includeInIndex = 0; path = Nektar.app; sourceTree = BUILT_PRODUCTS_DIR; };
		3B27A6402DC23937009A5CBD /* NektarTests.xctest */ = {isa = PBXFileReference; explicitFileType = wrapper.cfbundle; includeInIndex = 0; path = NektarTests.xctest; sourceTree = BUILT_PRODUCTS_DIR; };
		3B27A64A2DC23937009A5CBD /* NektarUITests.xctest */ = {isa = PBXFileReference; explicitFileType = wrapper.cfbundle; includeInIndex = 0; path = NektarUITests.xctest; sourceTree = BUILT_PRODUCTS_DIR; };
/* End PBXFileReference section */

/* Begin PBXFileSystemSynchronizedBuildFileExceptionSet section */
		3BD7E23C2DDB8430002BFCE8 /* Exceptions for "NEKTAR-Application" folder in "Nektar" target */ = {
			isa = PBXFileSystemSynchronizedBuildFileExceptionSet;
			membershipExceptions = (
				Info.plist,
			);
			target = 3B27A62F2DC23932009A5CBD /* Nektar */;
		};
/* End PBXFileSystemSynchronizedBuildFileExceptionSet section */

/* Begin PBXFileSystemSynchronizedRootGroup section */
		3B27A6322DC23932009A5CBD /* NEKTAR-Application */ = {
			isa = PBXFileSystemSynchronizedRootGroup;
			exceptions = (
				3BD7E23C2DDB8430002BFCE8 /* Exceptions for "NEKTAR-Application" folder in "Nektar" target */,
			);
			path = "NEKTAR-Application";
			sourceTree = "<group>";
		};
		3B27A6432DC23937009A5CBD /* NEKTAR-ApplicationTests */ = {
			isa = PBXFileSystemSynchronizedRootGroup;
			path = "NEKTAR-ApplicationTests";
			sourceTree = "<group>";
		};
		3B27A64D2DC23937009A5CBD /* NEKTAR-ApplicationUITests */ = {
			isa = PBXFileSystemSynchronizedRootGroup;
			path = "NEKTAR-ApplicationUITests";
			sourceTree = "<group>";
		};
/* End PBXFileSystemSynchronizedRootGroup section */

/* Begin PBXFrameworksBuildPhase section */
		3B27A62D2DC23932009A5CBD /* Frameworks */ = {
			isa = PBXFrameworksBuildPhase;
			buildActionMask = 2147483647;
			files = (
			);
			runOnlyForDeploymentPostprocessing = 0;
		};
		3B27A63D2DC23937009A5CBD /* Frameworks */ = {
			isa = PBXFrameworksBuildPhase;
			buildActionMask = 2147483647;
			files = (
			);
			runOnlyForDeploymentPostprocessing = 0;
		};
		3B27A6472DC23937009A5CBD /* Frameworks */ = {
			isa = PBXFrameworksBuildPhase;
			buildActionMask = 2147483647;
			files = (
			);
			runOnlyForDeploymentPostprocessing = 0;
		};
/* End PBXFrameworksBuildPhase section */

/* Begin PBXGroup section */
		3B27A6272DC23932009A5CBD = {
			isa = PBXGroup;
			children = (
				3B27A6322DC23932009A5CBD /* NEKTAR-Application */,
				3B27A6432DC23937009A5CBD /* NEKTAR-ApplicationTests */,
				3B27A64D2DC23937009A5CBD /* NEKTAR-ApplicationUITests */,
				3B27A6312DC23932009A5CBD /* Products */,
			);
			sourceTree = "<group>";
		};
		3B27A6312DC23932009A5CBD /* Products */ = {
			isa = PBXGroup;
			children = (
				3B27A6302DC23932009A5CBD /* Nektar.app */,
				3B27A6402DC23937009A5CBD /* NektarTests.xctest */,
				3B27A64A2DC23937009A5CBD /* NektarUITests.xctest */,
			);
			name = Products;
			sourceTree = "<group>";
		};
/* End PBXGroup section */

/* Begin PBXNativeTarget section */
		3B27A62F2DC23932009A5CBD /* Nektar */ = {
			isa = PBXNativeTarget;
			buildConfigurationList = 3B27A6542DC23937009A5CBD /* Build configuration list for PBXNativeTarget "Nektar" */;
			buildPhases = (
				3B27A62C2DC23932009A5CBD /* Sources */,
				3B27A62D2DC23932009A5CBD /* Frameworks */,
				3B27A62E2DC23932009A5CBD /* Resources */,
			);
			buildRules = (
			);
			dependencies = (
			);
			fileSystemSynchronizedGroups = (
				3B27A6322DC23932009A5CBD /* NEKTAR-Application */,
			);
			name = Nektar;
			packageProductDependencies = (
			);
			productName = "NEKTAR-Application";
			productReference = 3B27A6302DC23932009A5CBD /* Nektar.app */;
			productType = "com.apple.product-type.application";
		};
		3B27A63F2DC23937009A5CBD /* NektarTests */ = {
			isa = PBXNativeTarget;
			buildConfigurationList = 3B27A6572DC23937009A5CBD /* Build configuration list for PBXNativeTarget "NektarTests" */;
			buildPhases = (
				3B27A63C2DC23937009A5CBD /* Sources */,
				3B27A63D2DC23937009A5CBD /* Frameworks */,
				3B27A63E2DC23937009A5CBD /* Resources */,
			);
			buildRules = (
			);
			dependencies = (
				3B27A6422DC23937009A5CBD /* PBXTargetDependency */,
			);
			fileSystemSynchronizedGroups = (
				3B27A6432DC23937009A5CBD /* NEKTAR-ApplicationTests */,
			);
			name = NektarTests;
			packageProductDependencies = (
			);
			productName = "NEKTAR-ApplicationTests";
			productReference = 3B27A6402DC23937009A5CBD /* NektarTests.xctest */;
			productType = "com.apple.product-type.bundle.unit-test";
		};
		3B27A6492DC23937009A5CBD /* NektarUITests */ = {
			isa = PBXNativeTarget;
			buildConfigurationList = 3B27A65A2DC23937009A5CBD /* Build configuration list for PBXNativeTarget "NektarUITests" */;
			buildPhases = (
				3B27A6462DC23937009A5CBD /* Sources */,
				3B27A6472DC23937009A5CBD /* Frameworks */,
				3B27A6482DC23937009A5CBD /* Resources */,
			);
			buildRules = (
			);
			dependencies = (
				3B27A64C2DC23937009A5CBD /* PBXTargetDependency */,
			);
			fileSystemSynchronizedGroups = (
				3B27A64D2DC23937009A5CBD /* NEKTAR-ApplicationUITests */,
			);
			name = NektarUITests;
			packageProductDependencies = (
			);
			productName = "NEKTAR-ApplicationUITests";
			productReference = 3B27A64A2DC23937009A5CBD /* NektarUITests.xctest */;
			productType = "com.apple.product-type.bundle.ui-testing";
		};
/* End PBXNativeTarget section */

/* Begin PBXProject section */
		3B27A6282DC23932009A5CBD /* Project object */ = {
			isa = PBXProject;
			attributes = {
				BuildIndependentTargetsInParallel = 1;
				LastSwiftUpdateCheck = 1620;
				LastUpgradeCheck = 1620;
				TargetAttributes = {
					3B27A62F2DC23932009A5CBD = {
						CreatedOnToolsVersion = 16.2;
					};
					3B27A63F2DC23937009A5CBD = {
						CreatedOnToolsVersion = 16.2;
						TestTargetID = 3B27A62F2DC23932009A5CBD;
					};
					3B27A6492DC23937009A5CBD = {
						CreatedOnToolsVersion = 16.2;
						TestTargetID = 3B27A62F2DC23932009A5CBD;
					};
				};
			};
			buildConfigurationList = 3B27A62B2DC23932009A5CBD /* Build configuration list for PBXProject "Nektar" */;
			developmentRegion = en;
			hasScannedForEncodings = 0;
			knownRegions = (
				en,
				Base,
			);
			mainGroup = 3B27A6272DC23932009A5CBD;
			minimizedProjectReferenceProxies = 1;
			preferredProjectObjectVersion = 77;
			productRefGroup = 3B27A6312DC23932009A5CBD /* Products */;
			projectDirPath = "";
			projectRoot = "";
			targets = (
				3B27A62F2DC23932009A5CBD /* Nektar */,
				3B27A63F2DC23937009A5CBD /* NektarTests */,
				3B27A6492DC23937009A5CBD /* NektarUITests */,
			);
		};
/* End PBXProject section */

/* Begin PBXResourcesBuildPhase section */
		3B27A62E2DC23932009A5CBD /* Resources */ = {
			isa = PBXResourcesBuildPhase;
			buildActionMask = 2147483647;
			files = (
			);
			runOnlyForDeploymentPostprocessing = 0;
		};
		3B27A63E2DC23937009A5CBD /* Resources */ = {
			isa = PBXResourcesBuildPhase;
			buildActionMask = 2147483647;
			files = (
			);
			runOnlyForDeploymentPostprocessing = 0;
		};
		3B27A6482DC23937009A5CBD /* Resources */ = {
			isa = PBXResourcesBuildPhase;
			buildActionMask = 2147483647;
			files = (
			);
			runOnlyForDeploymentPostprocessing = 0;
		};
/* End PBXResourcesBuildPhase section */

/* Begin PBXSourcesBuildPhase section */
		3B27A62C2DC23932009A5CBD /* Sources */ = {
			isa = PBXSourcesBuildPhase;
			buildActionMask = 2147483647;
			files = (
			);
			runOnlyForDeploymentPostprocessing = 0;
		};
		3B27A63C2DC23937009A5CBD /* Sources */ = {
			isa = PBXSourcesBuildPhase;
			buildActionMask = 2147483647;
			files = (
			);
			runOnlyForDeploymentPostprocessing = 0;
		};
		3B27A6462DC23937009A5CBD /* Sources */ = {
			isa = PBXSourcesBuildPhase;
			buildActionMask = 2147483647;
			files = (
			);
			runOnlyForDeploymentPostprocessing = 0;
		};
/* End PBXSourcesBuildPhase section */

/* Begin PBXTargetDependency section */
		3B27A6422DC23937009A5CBD /* PBXTargetDependency */ = {
			isa = PBXTargetDependency;
			target = 3B27A62F2DC23932009A5CBD /* Nektar */;
			targetProxy = 3B27A6412DC23937009A5CBD /* PBXContainerItemProxy */;
		};
		3B27A64C2DC23937009A5CBD /* PBXTargetDependency */ = {
			isa = PBXTargetDependency;
			target = 3B27A62F2DC23932009A5CBD /* Nektar */;
			targetProxy = 3B27A64B2DC23937009A5CBD /* PBXContainerItemProxy */;
		};
/* End PBXTargetDependency section */

/* Begin XCBuildConfiguration section */
		3B27A6522DC23937009A5CBD /* Debug */ = {
			isa = XCBuildConfiguration;
			buildSettings = {
				ALWAYS_SEARCH_USER_PATHS = NO;
				ASSETCATALOG_COMPILER_GENERATE_SWIFT_ASSET_SYMBOL_EXTENSIONS = YES;
				CLANG_ANALYZER_NONNULL = YES;
				CLANG_ANALYZER_NUMBER_OBJECT_CONVERSION = YES_AGGRESSIVE;
				CLANG_CXX_LANGUAGE_STANDARD = "gnu++20";
				CLANG_ENABLE_MODULES = YES;
				CLANG_ENABLE_OBJC_ARC = YES;
				CLANG_ENABLE_OBJC_WEAK = YES;
				CLANG_WARN_BLOCK_CAPTURE_AUTORELEASING = YES;
				CLANG_WARN_BOOL_CONVERSION = YES;
				CLANG_WARN_COMMA = YES;
				CLANG_WARN_CONSTANT_CONVERSION = YES;
				CLANG_WARN_DEPRECATED_OBJC_IMPLEMENTATIONS = YES;
				CLANG_WARN_DIRECT_OBJC_ISA_USAGE = YES_ERROR;
				CLANG_WARN_DOCUMENTATION_COMMENTS = YES;
				CLANG_WARN_EMPTY_BODY = YES;
				CLANG_WARN_ENUM_CONVERSION = YES;
				CLANG_WARN_INFINITE_RECURSION = YES;
				CLANG_WARN_INT_CONVERSION = YES;
				CLANG_WARN_NON_LITERAL_NULL_CONVERSION = YES;
				CLANG_WARN_OBJC_IMPLICIT_RETAIN_SELF = YES;
				CLANG_WARN_OBJC_LITERAL_CONVERSION = YES;
				CLANG_WARN_OBJC_ROOT_CLASS = YES_ERROR;
				CLANG_WARN_QUOTED_INCLUDE_IN_FRAMEWORK_HEADER = YES;
				CLANG_WARN_RANGE_LOOP_ANALYSIS = YES;
				CLANG_WARN_STRICT_PROTOTYPES = YES;
				CLANG_WARN_SUSPICIOUS_MOVE = YES;
				CLANG_WARN_UNGUARDED_AVAILABILITY = YES_AGGRESSIVE;
				CLANG_WARN_UNREACHABLE_CODE = YES;
				CLANG_WARN__DUPLICATE_METHOD_MATCH = YES;
				COPY_PHASE_STRIP = NO;
				DEBUG_INFORMATION_FORMAT = dwarf;
				ENABLE_STRICT_OBJC_MSGSEND = YES;
				ENABLE_TESTABILITY = YES;
				ENABLE_USER_SCRIPT_SANDBOXING = YES;
				GCC_C_LANGUAGE_STANDARD = gnu17;
				GCC_DYNAMIC_NO_PIC = NO;
				GCC_NO_COMMON_BLOCKS = YES;
				GCC_OPTIMIZATION_LEVEL = 0;
				GCC_PREPROCESSOR_DEFINITIONS = (
					"DEBUG=1",
					"$(inherited)",
				);
				GCC_WARN_64_TO_32_BIT_CONVERSION = YES;
				GCC_WARN_ABOUT_RETURN_TYPE = YES_ERROR;
				GCC_WARN_UNDECLARED_SELECTOR = YES;
				GCC_WARN_UNINITIALIZED_AUTOS = YES_AGGRESSIVE;
				GCC_WARN_UNUSED_FUNCTION = YES;
				GCC_WARN_UNUSED_VARIABLE = YES;
				IPHONEOS_DEPLOYMENT_TARGET = 18.2;
				LOCALIZATION_PREFERS_STRING_CATALOGS = YES;
				MTL_ENABLE_DEBUG_INFO = INCLUDE_SOURCE;
				MTL_FAST_MATH = YES;
				ONLY_ACTIVE_ARCH = YES;
				SDKROOT = iphoneos;
				SWIFT_ACTIVE_COMPILATION_CONDITIONS = "DEBUG $(inherited)";
				SWIFT_OPTIMIZATION_LEVEL = "-Onone";
				SWIFT_VERSION = 5.0;
			};
			name = Debug;
		};
		3B27A6532DC23937009A5CBD /* Release */ = {
			isa = XCBuildConfiguration;
			buildSettings = {
				ALWAYS_SEARCH_USER_PATHS = NO;
				ASSETCATALOG_COMPILER_GENERATE_SWIFT_ASSET_SYMBOL_EXTENSIONS = YES;
				CLANG_ANALYZER_NONNULL = YES;
				CLANG_ANALYZER_NUMBER_OBJECT_CONVERSION = YES_AGGRESSIVE;
				CLANG_CXX_LANGUAGE_STANDARD = "gnu++20";
				CLANG_ENABLE_MODULES = YES;
				CLANG_ENABLE_OBJC_ARC = YES;
				CLANG_ENABLE_OBJC_WEAK = YES;
				CLANG_WARN_BLOCK_CAPTURE_AUTORELEASING = YES;
				CLANG_WARN_BOOL_CONVERSION = YES;
				CLANG_WARN_COMMA = YES;
				CLANG_WARN_CONSTANT_CONVERSION = YES;
				CLANG_WARN_DEPRECATED_OBJC_IMPLEMENTATIONS = YES;
				CLANG_WARN_DIRECT_OBJC_ISA_USAGE = YES_ERROR;
				CLANG_WARN_DOCUMENTATION_COMMENTS = YES;
				CLANG_WARN_EMPTY_BODY = YES;
				CLANG_WARN_ENUM_CONVERSION = YES;
				CLANG_WARN_INFINITE_RECURSION = YES;
				CLANG_WARN_INT_CONVERSION = YES;
				CLANG_WARN_NON_LITERAL_NULL_CONVERSION = YES;
				CLANG_WARN_OBJC_IMPLICIT_RETAIN_SELF = YES;
				CLANG_WARN_OBJC_LITERAL_CONVERSION = YES;
				CLANG_WARN_OBJC_ROOT_CLASS = YES_ERROR;
				CLANG_WARN_QUOTED_INCLUDE_IN_FRAMEWORK_HEADER = YES;
				CLANG_WARN_RANGE_LOOP_ANALYSIS = YES;
				CLANG_WARN_STRICT_PROTOTYPES = YES;
				CLANG_WARN_SUSPICIOUS_MOVE = YES;
				CLANG_WARN_UNGUARDED_AVAILABILITY = YES_AGGRESSIVE;
				CLANG_WARN_UNREACHABLE_CODE = YES;
				CLANG_WARN__DUPLICATE_METHOD_MATCH = YES;
				COPY_PHASE_STRIP = NO;
				DEBUG_INFORMATION_FORMAT = "dwarf-with-dsym";
				ENABLE_NS_ASSERTIONS = NO;
				ENABLE_STRICT_OBJC_MSGSEND = YES;
				ENABLE_USER_SCRIPT_SANDBOXING = YES;
				GCC_C_LANGUAGE_STANDARD = gnu17;
				GCC_NO_COMMON_BLOCKS = YES;
				GCC_WARN_64_TO_32_BIT_CONVERSION = YES;
				GCC_WARN_ABOUT_RETURN_TYPE = YES_ERROR;
				GCC_WARN_UNDECLARED_SELECTOR = YES;
				GCC_WARN_UNINITIALIZED_AUTOS = YES_AGGRESSIVE;
				GCC_WARN_UNUSED_FUNCTION = YES;
				GCC_WARN_UNUSED_VARIABLE = YES;
				IPHONEOS_DEPLOYMENT_TARGET = 18.2;
				LOCALIZATION_PREFERS_STRING_CATALOGS = YES;
				MTL_ENABLE_DEBUG_INFO = NO;
				MTL_FAST_MATH = YES;
				SDKROOT = iphoneos;
				SWIFT_COMPILATION_MODE = wholemodule;
				SWIFT_VERSION = 5.0;
				VALIDATE_PRODUCT = YES;
			};
			name = Release;
		};
		3B27A6552DC23937009A5CBD /* Debug */ = {
			isa = XCBuildConfiguration;
			buildSettings = {
				ASSETCATALOG_COMPILER_APPICON_NAME = AppIcon;
				ASSETCATALOG_COMPILER_GLOBAL_ACCENT_COLOR_NAME = AccentColor;
				CODE_SIGN_STYLE = Automatic;
				CURRENT_PROJECT_VERSION = 1;
				DEVELOPMENT_ASSET_PATHS = "\"NEKTAR-Application/Preview Content\"";
				DEVELOPMENT_TEAM = WSFZDZZ6S3;
				ENABLE_PREVIEWS = YES;
				GENERATE_INFOPLIST_FILE = YES;
				INFOPLIST_FILE = "NEKTAR-Application/Info.plist";
				INFOPLIST_KEY_LSApplicationCategoryType = "public.app-category.education";
				INFOPLIST_KEY_UIApplicationSceneManifest_Generation = YES;
				INFOPLIST_KEY_UIApplicationSupportsIndirectInputEvents = YES;
				INFOPLIST_KEY_UILaunchScreen_Generation = YES;
				INFOPLIST_KEY_UISupportedInterfaceOrientations_iPad = "UIInterfaceOrientationPortrait UIInterfaceOrientationPortraitUpsideDown UIInterfaceOrientationLandscapeLeft UIInterfaceOrientationLandscapeRight";
				INFOPLIST_KEY_UISupportedInterfaceOrientations_iPhone = "UIInterfaceOrientationPortrait UIInterfaceOrientationLandscapeLeft UIInterfaceOrientationLandscapeRight";
				LD_RUNPATH_SEARCH_PATHS = (
					"$(inherited)",
					"@executable_path/Frameworks",
				);
				MARKETING_VERSION = 1.0;
				PRODUCT_BUNDLE_IDENTIFIER = "alexei-pavlovschii.NEKTAR-Application";
				PRODUCT_NAME = "$(TARGET_NAME)";
				SWIFT_EMIT_LOC_STRINGS = YES;
				SWIFT_VERSION = 5.0;
				TARGETED_DEVICE_FAMILY = "1,2";
			};
			name = Debug;
		};
		3B27A6562DC23937009A5CBD /* Release */ = {
			isa = XCBuildConfiguration;
			buildSettings = {
				ASSETCATALOG_COMPILER_APPICON_NAME = AppIcon;
				ASSETCATALOG_COMPILER_GLOBAL_ACCENT_COLOR_NAME = AccentColor;
				CODE_SIGN_STYLE = Automatic;
				CURRENT_PROJECT_VERSION = 1;
				DEVELOPMENT_ASSET_PATHS = "\"NEKTAR-Application/Preview Content\"";
				DEVELOPMENT_TEAM = WSFZDZZ6S3;
				ENABLE_PREVIEWS = YES;
				GENERATE_INFOPLIST_FILE = YES;
				INFOPLIST_FILE = "NEKTAR-Application/Info.plist";
				INFOPLIST_KEY_LSApplicationCategoryType = "public.app-category.education";
				INFOPLIST_KEY_UIApplicationSceneManifest_Generation = YES;
				INFOPLIST_KEY_UIApplicationSupportsIndirectInputEvents = YES;
				INFOPLIST_KEY_UILaunchScreen_Generation = YES;
				INFOPLIST_KEY_UISupportedInterfaceOrientations_iPad = "UIInterfaceOrientationPortrait UIInterfaceOrientationPortraitUpsideDown UIInterfaceOrientationLandscapeLeft UIInterfaceOrientationLandscapeRight";
				INFOPLIST_KEY_UISupportedInterfaceOrientations_iPhone = "UIInterfaceOrientationPortrait UIInterfaceOrientationLandscapeLeft UIInterfaceOrientationLandscapeRight";
				LD_RUNPATH_SEARCH_PATHS = (
					"$(inherited)",
					"@executable_path/Frameworks",
				);
				MARKETING_VERSION = 1.0;
				PRODUCT_BUNDLE_IDENTIFIER = "alexei-pavlovschii.NEKTAR-Application";
				PRODUCT_NAME = "$(TARGET_NAME)";
				SWIFT_EMIT_LOC_STRINGS = YES;
				SWIFT_VERSION = 5.0;
				TARGETED_DEVICE_FAMILY = "1,2";
			};
			name = Release;
		};
		3B27A6582DC23937009A5CBD /* Debug */ = {
			isa = XCBuildConfiguration;
			buildSettings = {
				BUNDLE_LOADER = "$(TEST_HOST)";
				CODE_SIGN_STYLE = Automatic;
				CURRENT_PROJECT_VERSION = 1;
				DEVELOPMENT_TEAM = WSFZDZZ6S3;
				GENERATE_INFOPLIST_FILE = YES;
				IPHONEOS_DEPLOYMENT_TARGET = 18.2;
				MARKETING_VERSION = 1.0;
				PRODUCT_BUNDLE_IDENTIFIER = "alexei-pavlovschii.NEKTAR-ApplicationTests";
				PRODUCT_NAME = "$(TARGET_NAME)";
				SWIFT_EMIT_LOC_STRINGS = NO;
				SWIFT_VERSION = 5.0;
				TARGETED_DEVICE_FAMILY = "1,2";
				TEST_HOST = "$(BUILT_PRODUCTS_DIR)/Nektar.app/$(BUNDLE_EXECUTABLE_FOLDER_PATH)/Nektar";
			};
			name = Debug;
		};
		3B27A6592DC23937009A5CBD /* Release */ = {
			isa = XCBuildConfiguration;
			buildSettings = {
				BUNDLE_LOADER = "$(TEST_HOST)";
				CODE_SIGN_STYLE = Automatic;
				CURRENT_PROJECT_VERSION = 1;
				DEVELOPMENT_TEAM = WSFZDZZ6S3;
				GENERATE_INFOPLIST_FILE = YES;
				IPHONEOS_DEPLOYMENT_TARGET = 18.2;
				MARKETING_VERSION = 1.0;
				PRODUCT_BUNDLE_IDENTIFIER = "alexei-pavlovschii.NEKTAR-ApplicationTests";
				PRODUCT_NAME = "$(TARGET_NAME)";
				SWIFT_EMIT_LOC_STRINGS = NO;
				SWIFT_VERSION = 5.0;
				TARGETED_DEVICE_FAMILY = "1,2";
				TEST_HOST = "$(BUILT_PRODUCTS_DIR)/Nektar.app/$(BUNDLE_EXECUTABLE_FOLDER_PATH)/Nektar";
			};
			name = Release;
		};
		3B27A65B2DC23937009A5CBD /* Debug */ = {
			isa = XCBuildConfiguration;
			buildSettings = {
				CODE_SIGN_STYLE = Automatic;
				CURRENT_PROJECT_VERSION = 1;
				DEVELOPMENT_TEAM = WSFZDZZ6S3;
				GENERATE_INFOPLIST_FILE = YES;
				MARKETING_VERSION = 1.0;
				PRODUCT_BUNDLE_IDENTIFIER = "alexei-pavlovschii.NEKTAR-ApplicationUITests";
				PRODUCT_NAME = "$(TARGET_NAME)";
				SWIFT_EMIT_LOC_STRINGS = NO;
				SWIFT_VERSION = 5.0;
				TARGETED_DEVICE_FAMILY = "1,2";
				TEST_TARGET_NAME = "NEKTAR-Application";
			};
			name = Debug;
		};
		3B27A65C2DC23937009A5CBD /* Release */ = {
			isa = XCBuildConfiguration;
			buildSettings = {
				CODE_SIGN_STYLE = Automatic;
				CURRENT_PROJECT_VERSION = 1;
				DEVELOPMENT_TEAM = WSFZDZZ6S3;
				GENERATE_INFOPLIST_FILE = YES;
				MARKETING_VERSION = 1.0;
				PRODUCT_BUNDLE_IDENTIFIER = "alexei-pavlovschii.NEKTAR-ApplicationUITests";
				PRODUCT_NAME = "$(TARGET_NAME)";
				SWIFT_EMIT_LOC_STRINGS = NO;
				SWIFT_VERSION = 5.0;
				TARGETED_DEVICE_FAMILY = "1,2";
				TEST_TARGET_NAME = "NEKTAR-Application";
			};
			name = Release;
		};
/* End XCBuildConfiguration section */

/* Begin XCConfigurationList section */
		3B27A62B2DC23932009A5CBD /* Build configuration list for PBXProject "Nektar" */ = {
			isa = XCConfigurationList;
			buildConfigurations = (
				3B27A6522DC23937009A5CBD /* Debug */,
				3B27A6532DC23937009A5CBD /* Release */,
			);
			defaultConfigurationIsVisible = 0;
			defaultConfigurationName = Release;
		};
		3B27A6542DC23937009A5CBD /* Build configuration list for PBXNativeTarget "Nektar" */ = {
			isa = XCConfigurationList;
			buildConfigurations = (
				3B27A6552DC23937009A5CBD /* Debug */,
				3B27A6562DC23937009A5CBD /* Release */,
			);
			defaultConfigurationIsVisible = 0;
			defaultConfigurationName = Release;
		};
		3B27A6572DC23937009A5CBD /* Build configuration list for PBXNativeTarget "NektarTests" */ = {
			isa = XCConfigurationList;
			buildConfigurations = (
				3B27A6582DC23937009A5CBD /* Debug */,
				3B27A6592DC23937009A5CBD /* Release */,
			);
			defaultConfigurationIsVisible = 0;
			defaultConfigurationName = Release;
		};
		3B27A65A2DC23937009A5CBD /* Build configuration list for PBXNativeTarget "NektarUITests" */ = {
			isa = XCConfigurationList;
			buildConfigurations = (
				3B27A65B2DC23937009A5CBD /* Debug */,
				3B27A65C2DC23937009A5CBD /* Release */,
			);
			defaultConfigurationIsVisible = 0;
			defaultConfigurationName = Release;
		};
/* End XCConfigurationList section */
	};
	rootObject = 3B27A6282DC23932009A5CBD /* Project object */;
}
